
Microsoft Visual Studio Solution File, Format Version 12.00
# Visual Studio Version 16
VisualStudioVersion = 16.0.31727.386
MinimumVisualStudioVersion = 10.0.40219.1
Project("{9A19103F-16F7-4668-BE54-9A1E7A4F7556}") = "Generic.API", "Generic.API\Generic.API.csproj", "{B6FFA2B3-65B4-4DC4-BCF7-3114A13F4B8F}"
EndProject
Project("{9A19103F-16F7-4668-BE54-9A1E7A4F7556}") = "GeneralService.API", "GeneralService.API\GeneralService.API.csproj", "{CC18FC45-F7FF-4DA8-BE51-E79D6BD39D63}"
EndProject
Project("{9A19103F-16F7-4668-BE54-9A1E7A4F7556}") = "Utilities", "Utilities\Utilities.csproj", "{352CF2D6-24DF-4ADD-AB03-3BB0B01CE30D}"
EndProject
Project("{FAE04EC0-301F-11D3-BF4B-00C04F79EFBC}") = "ServiceTest.API", "ServiceTest.API\ServiceTest.API.csproj", "{53E68EA6-B9ED-4C69-9D16-79F16D34A7BA}"
EndProject
Global
	GlobalSection(SolutionConfigurationPlatforms) = preSolution
		Debug|Any CPU = Debug|Any CPU
		Release|Any CPU = Release|Any CPU
	EndGlobalSection
	GlobalSection(ProjectConfigurationPlatforms) = postSolution
		{B6FFA2B3-65B4-4DC4-BCF7-3114A13F4B8F}.Debug|Any CPU.ActiveCfg = Debug|Any CPU
		{B6FFA2B3-65B4-4DC4-BCF7-3114A13F4B8F}.Debug|Any CPU.Build.0 = Debug|Any CPU
		{B6FFA2B3-65B4-4DC4-BCF7-3114A13F4B8F}.Release|Any CPU.ActiveCfg = Release|Any CPU
		{B6FFA2B3-65B4-4DC4-BCF7-3114A13F4B8F}.Release|Any CPU.Build.0 = Release|Any CPU
		{CC18FC45-F7FF-4DA8-BE51-E79D6BD39D63}.Debug|Any CPU.ActiveCfg = Debug|Any CPU
		{CC18FC45-F7FF-4DA8-BE51-E79D6BD39D63}.Debug|Any CPU.Build.0 = Debug|Any CPU
		{CC18FC45-F7FF-4DA8-BE51-E79D6BD39D63}.Release|Any CPU.ActiveCfg = Release|Any CPU
		{CC18FC45-F7FF-4DA8-BE51-E79D6BD39D63}.Release|Any CPU.Build.0 = Release|Any CPU
		{352CF2D6-24DF-4ADD-AB03-3BB0B01CE30D}.Debug|Any CPU.ActiveCfg = Debug|Any CPU
		{352CF2D6-24DF-4ADD-AB03-3BB0B01CE30D}.Debug|Any CPU.Build.0 = Debug|Any CPU
		{352CF2D6-24DF-4ADD-AB03-3BB0B01CE30D}.Release|Any CPU.ActiveCfg = Release|Any CPU
		{352CF2D6-24DF-4ADD-AB03-3BB0B01CE30D}.Release|Any CPU.Build.0 = Release|Any CPU
		{53E68EA6-B9ED-4C69-9D16-79F16D34A7BA}.Debug|Any CPU.ActiveCfg = Debug|Any CPU
		{53E68EA6-B9ED-4C69-9D16-79F16D34A7BA}.Debug|Any CPU.Build.0 = Debug|Any CPU
		{53E68EA6-B9ED-4C69-9D16-79F16D34A7BA}.Release|Any CPU.ActiveCfg = Release|Any CPU
		{53E68EA6-B9ED-4C69-9D16-79F16D34A7BA}.Release|Any CPU.Build.0 = Release|Any CPU
	EndGlobalSection
	GlobalSection(SolutionProperties) = preSolution
		HideSolutionNode = FALSE
	EndGlobalSection
	GlobalSection(ExtensibilityGlobals) = postSolution
		SolutionGuid = {C5022936-05ED-492E-982F-459D1DA1DE5E}
	EndGlobalSection
EndGlobal
